
Microsoft Visual Studio Solution File, Format Version 12.00
# Visual Studio 15
VisualStudioVersion = 15.0.27703.2000
MinimumVisualStudioVersion = 10.0.40219.1
Project("{FAE04EC0-301F-11D3-BF4B-00C04F79EFBC}") = "WindowsService", "WindowsService\WindowsService.csproj", "{191D6D5A-3FA0-4DC1-80E7-793034010A0D}"
EndProject
Project("{54435603-DBB4-11D2-8724-00A0C9A8B90C}") = "Setup", "Setup\Setup.vdproj", "{C734A9F6-763F-4B02-8014-E388C5070653}"
EndProject
Global
	GlobalSection(SolutionConfigurationPlatforms) = preSolution
		Debug|Any CPU = Debug|Any CPU
		Release|Any CPU = Release|Any CPU
	EndGlobalSection
	GlobalSection(ProjectConfigurationPlatforms) = postSolution
		{191D6D5A-3FA0-4DC1-80E7-793034010A0D}.Debug|Any CPU.ActiveCfg = Debug|Any CPU
		{191D6D5A-3FA0-4DC1-80E7-793034010A0D}.Debug|Any CPU.Build.0 = Debug|Any CPU
		{191D6D5A-3FA0-4DC1-80E7-793034010A0D}.Release|Any CPU.ActiveCfg = Release|Any CPU
		{191D6D5A-3FA0-4DC1-80E7-793034010A0D}.Release|Any CPU.Build.0 = Release|Any CPU
		{C734A9F6-763F-4B02-8014-E388C5070653}.Debug|Any CPU.ActiveCfg = Debug
		{C734A9F6-763F-4B02-8014-E388C5070653}.Release|Any CPU.ActiveCfg = Release
	EndGlobalSection
	GlobalSection(SolutionProperties) = preSolution
		HideSolutionNode = FALSE
	EndGlobalSection
	GlobalSection(ExtensibilityGlobals) = postSolution
		SolutionGuid = {BB267198-7CD7-4678-9B93-4805737F86DE}
	EndGlobalSection
EndGlobal
